
Microsoft Visual Studio Solution File, Format Version 12.00
# Visual Studio Version 17
VisualStudioVersion = 17.4.33213.308
MinimumVisualStudioVersion = 10.0.40219.1
Project("{9A19103F-16F7-4668-BE54-9A1E7A4F7556}") = "3", "3\3.csproj", "{B9621AED-DC8B-4635-8A58-865528D66B1A}"
EndProject
Project("{9A19103F-16F7-4668-BE54-9A1E7A4F7556}") = "String_type", "String_type\String_type.csproj", "{AF17C654-4583-4B1C-9B24-BFD2478180B0}"
EndProject
Project("{9A19103F-16F7-4668-BE54-9A1E7A4F7556}") = "Game", "Game\Game.csproj", "{E081AAA1-8F1F-4CAC-B07E-EB392EA43FF2}"
EndProject
Project("{9A19103F-16F7-4668-BE54-9A1E7A4F7556}") = "Puzzle game", "Puzzle game\Puzzle game.csproj", "{8710D0F4-71C9-4384-B8FE-364DE93142DD}"
EndProject
Project("{9A19103F-16F7-4668-BE54-9A1E7A4F7556}") = "15 puzzl game", "15 puzzl game\15 puzzl game.csproj", "{9892C7F2-C61C-4C68-9659-DB02AD1DC460}"
EndProject
Project("{9A19103F-16F7-4668-BE54-9A1E7A4F7556}") = "RACE", "RACE\RACE.csproj", "{06DECAC3-1643-4BFA-974F-CB0219725804}"
EndProject
Project("{9A19103F-16F7-4668-BE54-9A1E7A4F7556}") = "cycles", "cycles\cycles.csproj", "{06CA66CF-2C28-4BCD-8E72-0A5B6BA93006}"
EndProject
Project("{9A19103F-16F7-4668-BE54-9A1E7A4F7556}") = "Methodts", "Methodts\Methodts.csproj", "{AD89D339-F7EC-4C15-9EC3-769900D6C176}"
EndProject
Project("{FAE04EC0-301F-11D3-BF4B-00C04F79EFBC}") = "Stuckt", "Stuckt\Stuckt.csproj", "{9CADC50D-EC41-4CD5-85FC-7385DE6F7816}"
EndProject
Global
	GlobalSection(SolutionConfigurationPlatforms) = preSolution
		Debug|Any CPU = Debug|Any CPU
		Release|Any CPU = Release|Any CPU
	EndGlobalSection
	GlobalSection(ProjectConfigurationPlatforms) = postSolution
		{B9621AED-DC8B-4635-8A58-865528D66B1A}.Debug|Any CPU.ActiveCfg = Debug|Any CPU
		{B9621AED-DC8B-4635-8A58-865528D66B1A}.Debug|Any CPU.Build.0 = Debug|Any CPU
		{B9621AED-DC8B-4635-8A58-865528D66B1A}.Release|Any CPU.ActiveCfg = Release|Any CPU
		{B9621AED-DC8B-4635-8A58-865528D66B1A}.Release|Any CPU.Build.0 = Release|Any CPU
		{AF17C654-4583-4B1C-9B24-BFD2478180B0}.Debug|Any CPU.ActiveCfg = Debug|Any CPU
		{AF17C654-4583-4B1C-9B24-BFD2478180B0}.Debug|Any CPU.Build.0 = Debug|Any CPU
		{AF17C654-4583-4B1C-9B24-BFD2478180B0}.Release|Any CPU.ActiveCfg = Release|Any CPU
		{AF17C654-4583-4B1C-9B24-BFD2478180B0}.Release|Any CPU.Build.0 = Release|Any CPU
		{E081AAA1-8F1F-4CAC-B07E-EB392EA43FF2}.Debug|Any CPU.ActiveCfg = Debug|Any CPU
		{E081AAA1-8F1F-4CAC-B07E-EB392EA43FF2}.Debug|Any CPU.Build.0 = Debug|Any CPU
		{E081AAA1-8F1F-4CAC-B07E-EB392EA43FF2}.Release|Any CPU.ActiveCfg = Release|Any CPU
		{E081AAA1-8F1F-4CAC-B07E-EB392EA43FF2}.Release|Any CPU.Build.0 = Release|Any CPU
		{8710D0F4-71C9-4384-B8FE-364DE93142DD}.Debug|Any CPU.ActiveCfg = Debug|Any CPU
		{8710D0F4-71C9-4384-B8FE-364DE93142DD}.Debug|Any CPU.Build.0 = Debug|Any CPU
		{8710D0F4-71C9-4384-B8FE-364DE93142DD}.Release|Any CPU.ActiveCfg = Release|Any CPU
		{8710D0F4-71C9-4384-B8FE-364DE93142DD}.Release|Any CPU.Build.0 = Release|Any CPU
		{9892C7F2-C61C-4C68-9659-DB02AD1DC460}.Debug|Any CPU.ActiveCfg = Debug|Any CPU
		{9892C7F2-C61C-4C68-9659-DB02AD1DC460}.Debug|Any CPU.Build.0 = Debug|Any CPU
		{9892C7F2-C61C-4C68-9659-DB02AD1DC460}.Release|Any CPU.ActiveCfg = Release|Any CPU
		{9892C7F2-C61C-4C68-9659-DB02AD1DC460}.Release|Any CPU.Build.0 = Release|Any CPU
		{06DECAC3-1643-4BFA-974F-CB0219725804}.Debug|Any CPU.ActiveCfg = Debug|Any CPU
		{06DECAC3-1643-4BFA-974F-CB0219725804}.Debug|Any CPU.Build.0 = Debug|Any CPU
		{06DECAC3-1643-4BFA-974F-CB0219725804}.Release|Any CPU.ActiveCfg = Release|Any CPU
		{06DECAC3-1643-4BFA-974F-CB0219725804}.Release|Any CPU.Build.0 = Release|Any CPU
		{06CA66CF-2C28-4BCD-8E72-0A5B6BA93006}.Debug|Any CPU.ActiveCfg = Debug|Any CPU
		{06CA66CF-2C28-4BCD-8E72-0A5B6BA93006}.Debug|Any CPU.Build.0 = Debug|Any CPU
		{06CA66CF-2C28-4BCD-8E72-0A5B6BA93006}.Release|Any CPU.ActiveCfg = Release|Any CPU
		{06CA66CF-2C28-4BCD-8E72-0A5B6BA93006}.Release|Any CPU.Build.0 = Release|Any CPU
		{AD89D339-F7EC-4C15-9EC3-769900D6C176}.Debug|Any CPU.ActiveCfg = Debug|Any CPU
		{AD89D339-F7EC-4C15-9EC3-769900D6C176}.Debug|Any CPU.Build.0 = Debug|Any CPU
		{AD89D339-F7EC-4C15-9EC3-769900D6C176}.Release|Any CPU.ActiveCfg = Release|Any CPU
		{AD89D339-F7EC-4C15-9EC3-769900D6C176}.Release|Any CPU.Build.0 = Release|Any CPU
		{9CADC50D-EC41-4CD5-85FC-7385DE6F7816}.Debug|Any CPU.ActiveCfg = Debug|Any CPU
		{9CADC50D-EC41-4CD5-85FC-7385DE6F7816}.Debug|Any CPU.Build.0 = Debug|Any CPU
		{9CADC50D-EC41-4CD5-85FC-7385DE6F7816}.Release|Any CPU.ActiveCfg = Release|Any CPU
		{9CADC50D-EC41-4CD5-85FC-7385DE6F7816}.Release|Any CPU.Build.0 = Release|Any CPU
	EndGlobalSection
	GlobalSection(SolutionProperties) = preSolution
		HideSolutionNode = FALSE
	EndGlobalSection
	GlobalSection(ExtensibilityGlobals) = postSolution
		SolutionGuid = {39A5728E-B340-4A2C-ADC0-65DFF9A3B564}
	EndGlobalSection
EndGlobal
